
Microsoft Visual Studio Solution File, Format Version 12.00
# Visual Studio Version 17
VisualStudioVersion = 17.2.32505.173
MinimumVisualStudioVersion = 10.0.40219.1
Project("{FAE04EC0-301F-11D3-BF4B-00C04F79EFBC}") = "kolory", "kolory\kolory.csproj", "{CBDF6B24-180C-463E-A3B9-D80C59309648}"
EndProject
Global
	GlobalSection(SolutionConfigurationPlatforms) = preSolution
		Debug|Any CPU = Debug|Any CPU
		Release|Any CPU = Release|Any CPU
	EndGlobalSection
	GlobalSection(ProjectConfigurationPlatforms) = postSolution
		{CBDF6B24-180C-463E-A3B9-D80C59309648}.Debug|Any CPU.ActiveCfg = Debug|Any CPU
		{CBDF6B24-180C-463E-A3B9-D80C59309648}.Debug|Any CPU.Build.0 = Debug|Any CPU
		{CBDF6B24-180C-463E-A3B9-D80C59309648}.Release|Any CPU.ActiveCfg = Release|Any CPU
		{CBDF6B24-180C-463E-A3B9-D80C59309648}.Release|Any CPU.Build.0 = Release|Any CPU
	EndGlobalSection
	GlobalSection(SolutionProperties) = preSolution
		HideSolutionNode = FALSE
	EndGlobalSection
	GlobalSection(ExtensibilityGlobals) = postSolution
		SolutionGuid = {519E3BBB-6039-4F77-9A90-063E6865C738}
	EndGlobalSection
EndGlobal
